
Microsoft Visual Studio Solution File, Format Version 12.00
# Visual Studio 15
VisualStudioVersion = 15.0.27428.2043
MinimumVisualStudioVersion = 10.0.40219.1
Project("{8BC9CEB8-8B4A-11D0-8D11-00A0C91BC942}") = "test", "test.vcxproj", "{1E54B912-B4EA-40CB-ACA1-56386375D844}"
EndProject
Global
	GlobalSection(SolutionConfigurationPlatforms) = preSolution
		Debug|x64 = Debug|x64
		Debug|x86 = Debug|x86
		Release|x64 = Release|x64
		Release|x86 = Release|x86
	EndGlobalSection
	GlobalSection(ProjectConfigurationPlatforms) = postSolution
		{1E54B912-B4EA-40CB-ACA1-56386375D844}.Debug|x64.ActiveCfg = Debug|x64
		{1E54B912-B4EA-40CB-ACA1-56386375D844}.Debug|x64.Build.0 = Debug|x64
		{1E54B912-B4EA-40CB-ACA1-56386375D844}.Debug|x86.ActiveCfg = Debug|Win32
		{1E54B912-B4EA-40CB-ACA1-56386375D844}.Debug|x86.Build.0 = Debug|Win32
		{1E54B912-B4EA-40CB-ACA1-56386375D844}.Release|x64.ActiveCfg = Release|x64
		{1E54B912-B4EA-40CB-ACA1-56386375D844}.Release|x64.Build.0 = Release|x64
		{1E54B912-B4EA-40CB-ACA1-56386375D844}.Release|x86.ActiveCfg = Release|Win32
		{1E54B912-B4EA-40CB-ACA1-56386375D844}.Release|x86.Build.0 = Release|Win32
	EndGlobalSection
	GlobalSection(SolutionProperties) = preSolution
		HideSolutionNode = FALSE
	EndGlobalSection
	GlobalSection(ExtensibilityGlobals) = postSolution
		SolutionGuid = {5B454017-93EE-47BD-9A57-F91F17A8BA07}
	EndGlobalSection
EndGlobal
